// !$*UTF8*$!
{
	archiveVersion = 1;
	classes = {
	};
	objectVersion = 55;
	objects = {

/* Begin PBXBuildFile section */
		728CAF12270C048400FD4C96 /* AppDelegate.swift in Sources */ = {isa = PBXBuildFile; fileRef = 728CAF11270C048400FD4C96 /* AppDelegate.swift */; };
		728CAF14270C048400FD4C96 /* SceneDelegate.swift in Sources */ = {isa = PBXBuildFile; fileRef = 728CAF13270C048400FD4C96 /* SceneDelegate.swift */; };
		728CAF16270C048400FD4C96 /* ViewController.swift in Sources */ = {isa = PBXBuildFile; fileRef = 728CAF15270C048400FD4C96 /* ViewController.swift */; };
		728CAF19270C048400FD4C96 /* Main.storyboard in Resources */ = {isa = PBXBuildFile; fileRef = 728CAF17270C048400FD4C96 /* Main.storyboard */; };
		728CAF1B270C048A00FD4C96 /* Assets.xcassets in Resources */ = {isa = PBXBuildFile; fileRef = 728CAF1A270C048A00FD4C96 /* Assets.xcassets */; };
		728CAF1E270C048A00FD4C96 /* LaunchScreen.storyboard in Resources */ = {isa = PBXBuildFile; fileRef = 728CAF1C270C048A00FD4C96 /* LaunchScreen.storyboard */; };
		728CAF26270C052400FD4C96 /* SocketUtils.swift in Sources */ = {isa = PBXBuildFile; fileRef = 728CAF25270C052300FD4C96 /* SocketUtils.swift */; };
		F3039E2E0516F9F2FAE1486D /* Pods_DrawingSocket.framework in Frameworks */ = {isa = PBXBuildFile; fileRef = D2BF163A0356D97BB82FAB3B /* Pods_DrawingSocket.framework */; };
/* End PBXBuildFile section */

/* Begin PBXFileReference section */
		406427378F8C027E2E8AE7CF /* Pods-DrawingSocket.release.xcconfig */ = {isa = PBXFileReference; includeInIndex = 1; lastKnownFileType = text.xcconfig; name = "Pods-DrawingSocket.release.xcconfig"; path = "Target Support Files/Pods-DrawingSocket/Pods-DrawingSocket.release.xcconfig"; sourceTree = "<group>"; };
		728CAF0E270C048400FD4C96 /* DrawingSocket.app */ = {isa = PBXFileReference; explicitFileType = wrapper.application; includeInIndex = 0; path = DrawingSocket.app; sourceTree = BUILT_PRODUCTS_DIR; };
		728CAF11270C048400FD4C96 /* AppDelegate.swift */ = {isa = PBXFileReference; lastKnownFileType = sourcecode.swift; path = AppDelegate.swift; sourceTree = "<group>"; };
		728CAF13270C048400FD4C96 /* SceneDelegate.swift */ = {isa = PBXFileReference; lastKnownFileType = sourcecode.swift; path = SceneDelegate.swift; sourceTree = "<group>"; };
		728CAF15270C048400FD4C96 /* ViewController.swift */ = {isa = PBXFileReference; lastKnownFileType = sourcecode.swift; path = ViewController.swift; sourceTree = "<group>"; };
		728CAF18270C048400FD4C96 /* Base */ = {isa = PBXFileReference; lastKnownFileType = file.storyboard; name = Base; path = Base.lproj/Main.storyboard; sourceTree = "<group>"; };
		728CAF1A270C048A00FD4C96 /* Assets.xcassets */ = {isa = PBXFileReference; lastKnownFileType = folder.assetcatalog; path = Assets.xcassets; sourceTree = "<group>"; };
		728CAF1D270C048A00FD4C96 /* Base */ = {isa = PBXFileReference; lastKnownFileType = file.storyboard; name = Base; path = Base.lproj/LaunchScreen.storyboard; sourceTree = "<group>"; };
		728CAF1F270C048A00FD4C96 /* Info.plist */ = {isa = PBXFileReference; lastKnownFileType = text.plist.xml; path = Info.plist; sourceTree = "<group>"; };
		728CAF25270C052300FD4C96 /* SocketUtils.swift */ = {isa = PBXFileReference; lastKnownFileType = sourcecode.swift; path = SocketUtils.swift; sourceTree = "<group>"; };
		B544F77EFE4B762E84282373 /* Pods-DrawingSocket.debug.xcconfig */ = {isa = PBXFileReference; includeInIndex = 1; lastKnownFileType = text.xcconfig; name = "Pods-DrawingSocket.debug.xcconfig"; path = "Target Support Files/Pods-DrawingSocket/Pods-DrawingSocket.debug.xcconfig"; sourceTree = "<group>"; };
		D2BF163A0356D97BB82FAB3B /* Pods_DrawingSocket.framework */ = {isa = PBXFileReference; explicitFileType = wrapper.framework; includeInIndex = 0; path = Pods_DrawingSocket.framework; sourceTree = BUILT_PRODUCTS_DIR; };
/* End PBXFileReference section */

/* Begin PBXFrameworksBuildPhase section */
		728CAF0B270C048400FD4C96 /* Frameworks */ = {
			isa = PBXFrameworksBuildPhase;
			buildActionMask = 2147483647;
			files = (
				F3039E2E0516F9F2FAE1486D /* Pods_DrawingSocket.framework in Frameworks */,
			);
			runOnlyForDeploymentPostprocessing = 0;
		};
/* End PBXFrameworksBuildPhase section */

/* Begin PBXGroup section */
		728CAF05270C048300FD4C96 = {
			isa = PBXGroup;
			children = (
				728CAF10270C048400FD4C96 /* DrawingSocket */,
				728CAF0F270C048400FD4C96 /* Products */,
				F1A6CBBFF101B7F8EDFCA311 /* Pods */,
				7ED12DF8C532FC7147119804 /* Frameworks */,
			);
			sourceTree = "<group>";
		};
		728CAF0F270C048400FD4C96 /* Products */ = {
			isa = PBXGroup;
			children = (
				728CAF0E270C048400FD4C96 /* DrawingSocket.app */,
			);
			name = Products;
			sourceTree = "<group>";
		};
		728CAF10270C048400FD4C96 /* DrawingSocket */ = {
			isa = PBXGroup;
			children = (
				728CAF11270C048400FD4C96 /* AppDelegate.swift */,
				728CAF13270C048400FD4C96 /* SceneDelegate.swift */,
				728CAF15270C048400FD4C96 /* ViewController.swift */,
				728CAF25270C052300FD4C96 /* SocketUtils.swift */,
				728CAF17270C048400FD4C96 /* Main.storyboard */,
				728CAF1A270C048A00FD4C96 /* Assets.xcassets */,
				728CAF1C270C048A00FD4C96 /* LaunchScreen.storyboard */,
				728CAF1F270C048A00FD4C96 /* Info.plist */,
			);
			path = DrawingSocket;
			sourceTree = "<group>";
		};
		7ED12DF8C532FC7147119804 /* Frameworks */ = {
			isa = PBXGroup;
			children = (
				D2BF163A0356D97BB82FAB3B /* Pods_DrawingSocket.framework */,
			);
			name = Frameworks;
			sourceTree = "<group>";
		};
		F1A6CBBFF101B7F8EDFCA311 /* Pods */ = {
			isa = PBXGroup;
			children = (
				B544F77EFE4B762E84282373 /* Pods-DrawingSocket.debug.xcconfig */,
				406427378F8C027E2E8AE7CF /* Pods-DrawingSocket.release.xcconfig */,
			);
			path = Pods;
			sourceTree = "<group>";
		};
/* End PBXGroup section */

/* Begin PBXNativeTarget section */
		728CAF0D270C048400FD4C96 /* DrawingSocket */ = {
			isa = PBXNativeTarget;
			buildConfigurationList = 728CAF22270C048A00FD4C96 /* Build configuration list for PBXNativeTarget "DrawingSocket" */;
			buildPhases = (
				5D20F56883FEAB9926E74107 /* [CP] Check Pods Manifest.lock */,
				728CAF0A270C048400FD4C96 /* Sources */,
				728CAF0B270C048400FD4C96 /* Frameworks */,
				728CAF0C270C048400FD4C96 /* Resources */,
				0B64BAABE57CDCE8BF80ADF4 /* [CP] Embed Pods Frameworks */,
			);
			buildRules = (
			);
			dependencies = (
			);
			name = DrawingSocket;
			productName = DrawingSocket;
			productReference = 728CAF0E270C048400FD4C96 /* DrawingSocket.app */;
			productType = "com.apple.product-type.application";
		};
/* End PBXNativeTarget section */

/* Begin PBXProject section */
		728CAF06270C048300FD4C96 /* Project object */ = {
			isa = PBXProject;
			attributes = {
				BuildIndependentTargetsInParallel = 1;
				LastSwiftUpdateCheck = 1300;
				LastUpgradeCheck = 1300;
				TargetAttributes = {
					728CAF0D270C048400FD4C96 = {
						CreatedOnToolsVersion = 13.0;
					};
				};
			};
			buildConfigurationList = 728CAF09270C048400FD4C96 /* Build configuration list for PBXProject "DrawingSocket" */;
			compatibilityVersion = "Xcode 13.0";
			developmentRegion = en;
			hasScannedForEncodings = 0;
			knownRegions = (
				en,
				Base,
			);
			mainGroup = 728CAF05270C048300FD4C96;
			productRefGroup = 728CAF0F270C048400FD4C96 /* Products */;
			projectDirPath = "";
			projectRoot = "";
			targets = (
				728CAF0D270C048400FD4C96 /* DrawingSocket */,
			);
		};
/* End PBXProject section */

/* Begin PBXResourcesBuildPhase section */
		728CAF0C270C048400FD4C96 /* Resources */ = {
			isa = PBXResourcesBuildPhase;
			buildActionMask = 2147483647;
			files = (
				728CAF1E270C048A00FD4C96 /* LaunchScreen.storyboard in Resources */,
				728CAF1B270C048A00FD4C96 /* Assets.xcassets in Resources */,
				728CAF19270C048400FD4C96 /* Main.storyboard in Resources */,
			);
			runOnlyForDeploymentPostprocessing = 0;
		};
/* End PBXResourcesBuildPhase section */

/* Begin PBXShellScriptBuildPhase section */
		0B64BAABE57CDCE8BF80ADF4 /* [CP] Embed Pods Frameworks */ = {
			isa = PBXShellScriptBuildPhase;
			buildActionMask = 2147483647;
			files = (
			);
			inputFileListPaths = (
				"${PODS_ROOT}/Target Support Files/Pods-DrawingSocket/Pods-DrawingSocket-frameworks-${CONFIGURATION}-input-files.xcfilelist",
			);
			name = "[CP] Embed Pods Frameworks";
			outputFileListPaths = (
				"${PODS_ROOT}/Target Support Files/Pods-DrawingSocket/Pods-DrawingSocket-frameworks-${CONFIGURATION}-output-files.xcfilelist",
			);
			runOnlyForDeploymentPostprocessing = 0;
			shellPath = /bin/sh;
			shellScript = "\"${PODS_ROOT}/Target Support Files/Pods-DrawingSocket/Pods-DrawingSocket-frameworks.sh\"\n";
			showEnvVarsInLog = 0;
		};
		5D20F56883FEAB9926E74107 /* [CP] Check Pods Manifest.lock */ = {
			isa = PBXShellScriptBuildPhase;
			buildActionMask = 2147483647;
			files = (
			);
			inputFileListPaths = (
			);
			inputPaths = (
				"${PODS_PODFILE_DIR_PATH}/Podfile.lock",
				"${PODS_ROOT}/Manifest.lock",
			);
			name = "[CP] Check Pods Manifest.lock";
			outputFileListPaths = (
			);
			outputPaths = (
				"$(DERIVED_FILE_DIR)/Pods-DrawingSocket-checkManifestLockResult.txt",
			);
			runOnlyForDeploymentPostprocessing = 0;
			shellPath = /bin/sh;
			shellScript = "diff \"${PODS_PODFILE_DIR_PATH}/Podfile.lock\" \"${PODS_ROOT}/Manifest.lock\" > /dev/null\nif [ $? != 0 ] ; then\n    # print error to STDERR\n    echo \"error: The sandbox is not in sync with the Podfile.lock. Run 'pod install' or update your CocoaPods installation.\" >&2\n    exit 1\nfi\n# This output is used by Xcode 'outputs' to avoid re-running this script phase.\necho \"SUCCESS\" > \"${SCRIPT_OUTPUT_FILE_0}\"\n";
			showEnvVarsInLog = 0;
		};
/* End PBXShellScriptBuildPhase section */

/* Begin PBXSourcesBuildPhase section */
		728CAF0A270C048400FD4C96 /* Sources */ = {
			isa = PBXSourcesBuildPhase;
			buildActionMask = 2147483647;
			files = (
				728CAF16270C048400FD4C96 /* ViewController.swift in Sources */,
				728CAF12270C048400FD4C96 /* AppDelegate.swift in Sources */,
				728CAF14270C048400FD4C96 /* SceneDelegate.swift in Sources */,
				728CAF26270C052400FD4C96 /* SocketUtils.swift in Sources */,
			);
			runOnlyForDeploymentPostprocessing = 0;
		};
/* End PBXSourcesBuildPhase section */

/* Begin PBXVariantGroup section */
		728CAF17270C048400FD4C96 /* Main.storyboard */ = {
			isa = PBXVariantGroup;
			children = (
				728CAF18270C048400FD4C96 /* Base */,
			);
			name = Main.storyboard;
			sourceTree = "<group>";
		};
		728CAF1C270C048A00FD4C96 /* LaunchScreen.storyboard */ = {
			isa = PBXVariantGroup;
			children = (
				728CAF1D270C048A00FD4C96 /* Base */,
			);
			name = LaunchScreen.storyboard;
			sourceTree = "<group>";
		};
/* End PBXVariantGroup section */

/* Begin XCBuildConfiguration section */
		728CAF20270C048A00FD4C96 /* Debug */ = {
			isa = XCBuildConfiguration;
			buildSettings = {
				ALWAYS_SEARCH_USER_PATHS = NO;
				CLANG_ANALYZER_NONNULL = YES;
				CLANG_ANALYZER_NUMBER_OBJECT_CONVERSION = YES_AGGRESSIVE;
				CLANG_CXX_LANGUAGE_STANDARD = "gnu++17";
				CLANG_CXX_LIBRARY = "libc++";
				CLANG_ENABLE_MODULES = YES;
				CLANG_ENABLE_OBJC_ARC = YES;
				CLANG_ENABLE_OBJC_WEAK = YES;
				CLANG_WARN_BLOCK_CAPTURE_AUTORELEASING = YES;
				CLANG_WARN_BOOL_CONVERSION = YES;
				CLANG_WARN_COMMA = YES;
				CLANG_WARN_CONSTANT_CONVERSION = YES;
				CLANG_WARN_DEPRECATED_OBJC_IMPLEMENTATIONS = YES;
				CLANG_WARN_DIRECT_OBJC_ISA_USAGE = YES_ERROR;
				CLANG_WARN_DOCUMENTATION_COMMENTS = YES;
				CLANG_WARN_EMPTY_BODY = YES;
				CLANG_WARN_ENUM_CONVERSION = YES;
				CLANG_WARN_INFINITE_RECURSION = YES;
				CLANG_WARN_INT_CONVERSION = YES;
				CLANG_WARN_NON_LITERAL_NULL_CONVERSION = YES;
				CLANG_WARN_OBJC_IMPLICIT_RETAIN_SELF = YES;
				CLANG_WARN_OBJC_LITERAL_CONVERSION = YES;
				CLANG_WARN_OBJC_ROOT_CLASS = YES_ERROR;
				CLANG_WARN_QUOTED_INCLUDE_IN_FRAMEWORK_HEADER = YES;
				CLANG_WARN_RANGE_LOOP_ANALYSIS = YES;
				CLANG_WARN_STRICT_PROTOTYPES = YES;
				CLANG_WARN_SUSPICIOUS_MOVE = YES;
				CLANG_WARN_UNGUARDED_AVAILABILITY = YES_AGGRESSIVE;
				CLANG_WARN_UNREACHABLE_CODE = YES;
				CLANG_WARN__DUPLICATE_METHOD_MATCH = YES;
				COPY_PHASE_STRIP = NO;
				DEBUG_INFORMATION_FORMAT = dwarf;
				ENABLE_STRICT_OBJC_MSGSEND = YES;
				ENABLE_TESTABILITY = YES;
				GCC_C_LANGUAGE_STANDARD = gnu11;
				GCC_DYNAMIC_NO_PIC = NO;
				GCC_NO_COMMON_BLOCKS = YES;
				GCC_OPTIMIZATION_LEVEL = 0;
				GCC_PREPROCESSOR_DEFINITIONS = (
					"DEBUG=1",
					"$(inherited)",
				);
				GCC_WARN_64_TO_32_BIT_CONVERSION = YES;
				GCC_WARN_ABOUT_RETURN_TYPE = YES_ERROR;
				GCC_WARN_UNDECLARED_SELECTOR = YES;
				GCC_WARN_UNINITIALIZED_AUTOS = YES_AGGRESSIVE;
				GCC_WARN_UNUSED_FUNCTION = YES;
				GCC_WARN_UNUSED_VARIABLE = YES;
				IPHONEOS_DEPLOYMENT_TARGET = 15.0;
				MTL_ENABLE_DEBUG_INFO = INCLUDE_SOURCE;
				MTL_FAST_MATH = YES;
				ONLY_ACTIVE_ARCH = YES;
				SDKROOT = iphoneos;
				SWIFT_ACTIVE_COMPILATION_CONDITIONS = DEBUG;
				SWIFT_OPTIMIZATION_LEVEL = "-Onone";
			};
			name = Debug;
		};
		728CAF21270C048A00FD4C96 /* Release */ = {
			isa = XCBuildConfiguration;
			buildSettings = {
				ALWAYS_SEARCH_USER_PATHS = NO;
				CLANG_ANALYZER_NONNULL = YES;
				CLANG_ANALYZER_NUMBER_OBJECT_CONVERSION = YES_AGGRESSIVE;
				CLANG_CXX_LANGUAGE_STANDARD = "gnu++17";
				CLANG_CXX_LIBRARY = "libc++";
				CLANG_ENABLE_MODULES = YES;
				CLANG_ENABLE_OBJC_ARC = YES;
				CLANG_ENABLE_OBJC_WEAK = YES;
				CLANG_WARN_BLOCK_CAPTURE_AUTORELEASING = YES;
				CLANG_WARN_BOOL_CONVERSION = YES;
				CLANG_WARN_COMMA = YES;
				CLANG_WARN_CONSTANT_CONVERSION = YES;
				CLANG_WARN_DEPRECATED_OBJC_IMPLEMENTATIONS = YES;
				CLANG_WARN_DIRECT_OBJC_ISA_USAGE = YES_ERROR;
				CLANG_WARN_DOCUMENTATION_COMMENTS = YES;
				CLANG_WARN_EMPTY_BODY = YES;
				CLANG_WARN_ENUM_CONVERSION = YES;
				CLANG_WARN_INFINITE_RECURSION = YES;
				CLANG_WARN_INT_CONVERSION = YES;
				CLANG_WARN_NON_LITERAL_NULL_CONVERSION = YES;
				CLANG_WARN_OBJC_IMPLICIT_RETAIN_SELF = YES;
				CLANG_WARN_OBJC_LITERAL_CONVERSION = YES;
				CLANG_WARN_OBJC_ROOT_CLASS = YES_ERROR;
				CLANG_WARN_QUOTED_INCLUDE_IN_FRAMEWORK_HEADER = YES;
				CLANG_WARN_RANGE_LOOP_ANALYSIS = YES;
				CLANG_WARN_STRICT_PROTOTYPES = YES;
				CLANG_WARN_SUSPICIOUS_MOVE = YES;
				CLANG_WARN_UNGUARDED_AVAILABILITY = YES_AGGRESSIVE;
				CLANG_WARN_UNREACHABLE_CODE = YES;
				CLANG_WARN__DUPLICATE_METHOD_MATCH = YES;
				COPY_PHASE_STRIP = NO;
				DEBUG_INFORMATION_FORMAT = "dwarf-with-dsym";
				ENABLE_NS_ASSERTIONS = NO;
				ENABLE_STRICT_OBJC_MSGSEND = YES;
				GCC_C_LANGUAGE_STANDARD = gnu11;
				GCC_NO_COMMON_BLOCKS = YES;
				GCC_WARN_64_TO_32_BIT_CONVERSION = YES;
				GCC_WARN_ABOUT_RETURN_TYPE = YES_ERROR;
				GCC_WARN_UNDECLARED_SELECTOR = YES;
				GCC_WARN_UNINITIALIZED_AUTOS = YES_AGGRESSIVE;
				GCC_WARN_UNUSED_FUNCTION = YES;
				GCC_WARN_UNUSED_VARIABLE = YES;
				IPHONEOS_DEPLOYMENT_TARGET = 15.0;
				MTL_ENABLE_DEBUG_INFO = NO;
				MTL_FAST_MATH = YES;
				SDKROOT = iphoneos;
				SWIFT_COMPILATION_MODE = wholemodule;
				SWIFT_OPTIMIZATION_LEVEL = "-O";
				VALIDATE_PRODUCT = YES;
			};
			name = Release;
		};
		728CAF23270C048A00FD4C96 /* Debug */ = {
			isa = XCBuildConfiguration;
			baseConfigurationReference = B544F77EFE4B762E84282373 /* Pods-DrawingSocket.debug.xcconfig */;
			buildSettings = {
				ASSETCATALOG_COMPILER_APPICON_NAME = AppIcon;
				ASSETCATALOG_COMPILER_GLOBAL_ACCENT_COLOR_NAME = AccentColor;
				CODE_SIGN_STYLE = Automatic;
				CURRENT_PROJECT_VERSION = 1;
				GENERATE_INFOPLIST_FILE = YES;
				INFOPLIST_FILE = DrawingSocket/Info.plist;
				INFOPLIST_KEY_UIApplicationSupportsIndirectInputEvents = YES;
				INFOPLIST_KEY_UILaunchStoryboardName = LaunchScreen;
				INFOPLIST_KEY_UIMainStoryboardFile = Main;
				INFOPLIST_KEY_UISupportedInterfaceOrientations_iPad = "UIInterfaceOrientationPortrait UIInterfaceOrientationPortraitUpsideDown UIInterfaceOrientationLandscapeLeft UIInterfaceOrientationLandscapeRight";
				INFOPLIST_KEY_UISupportedInterfaceOrientations_iPhone = "UIInterfaceOrientationPortrait UIInterfaceOrientationLandscapeLeft UIInterfaceOrientationLandscapeRight";
				LD_RUNPATH_SEARCH_PATHS = (
					"$(inherited)",
					"@executable_path/Frameworks",
				);
				MARKETING_VERSION = 1.0;
				PRODUCT_BUNDLE_IDENTIFIER = havelio.henar.DrawingSocket;
				PRODUCT_NAME = "$(TARGET_NAME)";
				SWIFT_EMIT_LOC_STRINGS = YES;
				SWIFT_VERSION = 5.0;
				TARGETED_DEVICE_FAMILY = 1;
			};
			name = Debug;
		};
		728CAF24270C048A00FD4C96 /* Release */ = {
			isa = XCBuildConfiguration;
			baseConfigurationReference = 406427378F8C027E2E8AE7CF /* Pods-DrawingSocket.release.xcconfig */;
			buildSettings = {
				ASSETCATALOG_COMPILER_APPICON_NAME = AppIcon;
				ASSETCATALOG_COMPILER_GLOBAL_ACCENT_COLOR_NAME = AccentColor;
				CODE_SIGN_STYLE = Automatic;
				CURRENT_PROJECT_VERSION = 1;
				GENERATE_INFOPLIST_FILE = YES;
				INFOPLIST_FILE = DrawingSocket/Info.plist;
				INFOPLIST_KEY_UIApplicationSupportsIndirectInputEvents = YES;
				INFOPLIST_KEY_UILaunchStoryboardName = LaunchScreen;
				INFOPLIST_KEY_UIMainStoryboardFile = Main;
				INFOPLIST_KEY_UISupportedInterfaceOrientations_iPad = "UIInterfaceOrientationPortrait UIInterfaceOrientationPortraitUpsideDown UIInterfaceOrientationLandscapeLeft UIInterfaceOrientationLandscapeRight";
				INFOPLIST_KEY_UISupportedInterfaceOrientations_iPhone = "UIInterfaceOrientationPortrait UIInterfaceOrientationLandscapeLeft UIInterfaceOrientationLandscapeRight";
				LD_RUNPATH_SEARCH_PATHS = (
					"$(inherited)",
					"@executable_path/Frameworks",
				);
				MARKETING_VERSION = 1.0;
				PRODUCT_BUNDLE_IDENTIFIER = havelio.henar.DrawingSocket;
				PRODUCT_NAME = "$(TARGET_NAME)";
				SWIFT_EMIT_LOC_STRINGS = YES;
				SWIFT_VERSION = 5.0;
				TARGETED_DEVICE_FAMILY = 1;
			};
			name = Release;
		};
/* End XCBuildConfiguration section */

/* Begin XCConfigurationList section */
		728CAF09270C048400FD4C96 /* Build configuration list for PBXProject "DrawingSocket" */ = {
			isa = XCConfigurationList;
			buildConfigurations = (
				728CAF20270C048A00FD4C96 /* Debug */,
				728CAF21270C048A00FD4C96 /* Release */,
			);
			defaultConfigurationIsVisible = 0;
			defaultConfigurationName = Release;
		};
		728CAF22270C048A00FD4C96 /* Build configuration list for PBXNativeTarget "DrawingSocket" */ = {
			isa = XCConfigurationList;
			buildConfigurations = (
				728CAF23270C048A00FD4C96 /* Debug */,
				728CAF24270C048A00FD4C96 /* Release */,
			);
			defaultConfigurationIsVisible = 0;
			defaultConfigurationName = Release;
		};
/* End XCConfigurationList section */
	};
	rootObject = 728CAF06270C048300FD4C96 /* Project object */;
}
